
Microsoft Visual Studio Solution File, Format Version 12.00
Project("{FAE04EC0-301F-11D3-BF4B-00C04F79EFBC}") = "Migrator", "Migrator\Migrator.csproj", "{2D4747D5-DE87-4EC9-9A3C-C535F55EE53C}"
EndProject
Global
	GlobalSection(SolutionConfigurationPlatforms) = preSolution
		Debug|Any CPU = Debug|Any CPU
		Release|Any CPU = Release|Any CPU
	EndGlobalSection
	GlobalSection(ProjectConfigurationPlatforms) = postSolution
		{2D4747D5-DE87-4EC9-9A3C-C535F55EE53C}.Debug|Any CPU.ActiveCfg = Debug|Any CPU
		{2D4747D5-DE87-4EC9-9A3C-C535F55EE53C}.Debug|Any CPU.Build.0 = Debug|Any CPU
		{2D4747D5-DE87-4EC9-9A3C-C535F55EE53C}.Release|Any CPU.ActiveCfg = Release|Any CPU
		{2D4747D5-DE87-4EC9-9A3C-C535F55EE53C}.Release|Any CPU.Build.0 = Release|Any CPU
	EndGlobalSection
EndGlobal
